# This file is automatically @generated by Cargo.
# It is not intended for manual editing.
version = 4

[[package]]
name = "cfg-if"
version = "0.1.10"
source = "registry+https://github.com/rust-lang/crates.io-index"
checksum = "4785bdd1c96b2a846b2bd7cc02e86b6b3dbf14e7e53446c4f54c92a361040822"

[[package]]
name = "comb-core"
version = "0.1.0"
dependencies = [
 "gearhash",
]

[[package]]
name = "gearhash"
version = "0.1.3"
source = "registry+https://github.com/rust-lang/crates.io-index"
checksum = "c8cf82cf76cd16485e56295a1377c775ce708c9f1a0be6b029076d60a245d213"
dependencies = [
 "cfg-if",
]
